
Microsoft Visual Studio Solution File, Format Version 12.00
# Visual Studio Version 17
VisualStudioVersion = 17.14.36511.14 d17.14
MinimumVisualStudioVersion = 10.0.40219.1
Project("{FAE04EC0-301F-11D3-BF4B-00C04F79EFBC}") = "MinimalApis", "MinimalApis\MinimalApis.csproj", "{67BECCA9-2B92-48BE-9C05-D021ECD2CE5D}"
EndProject
Global
	GlobalSection(SolutionConfigurationPlatforms) = preSolution
		Debug|Any CPU = Debug|Any CPU
		Release|Any CPU = Release|Any CPU
	EndGlobalSection
	GlobalSection(ProjectConfigurationPlatforms) = postSolution
		{67BECCA9-2B92-48BE-9C05-D021ECD2CE5D}.Debug|Any CPU.ActiveCfg = Debug|Any CPU
		{67BECCA9-2B92-48BE-9C05-D021ECD2CE5D}.Debug|Any CPU.Build.0 = Debug|Any CPU
		{67BECCA9-2B92-48BE-9C05-D021ECD2CE5D}.Release|Any CPU.ActiveCfg = Release|Any CPU
		{67BECCA9-2B92-48BE-9C05-D021ECD2CE5D}.Release|Any CPU.Build.0 = Release|Any CPU
	EndGlobalSection
	GlobalSection(SolutionProperties) = preSolution
		HideSolutionNode = FALSE
	EndGlobalSection
	GlobalSection(ExtensibilityGlobals) = postSolution
		SolutionGuid = {21985E5E-FEB0-44A1-9913-7091164152C8}
	EndGlobalSection
EndGlobal
